Microsoft Visual Studio Solution File, Format Version 11.00
# Visual Studio 2008

Project("{29361B8F-5B93-C869-4125-C4E1F1EDFA43}") = "LudumDare33_D0gManWoof", "Assembly-CSharp-vs.csproj", "{8958D71E-7C91-9E66-97F5-3056E52F5A0A}"
EndProject
Global
	GlobalSection(SolutionConfigurationPlatforms) = preSolution
		Debug|Any CPU = Debug|Any CPU
		Release|Any CPU = Release|Any CPU
	EndGlobalSection
	GlobalSection(ProjectConfigurationPlatforms) = postSolution
		{8958D71E-7C91-9E66-97F5-3056E52F5A0A}.Debug|Any CPU.ActiveCfg = Debug|Any CPU
		{8958D71E-7C91-9E66-97F5-3056E52F5A0A}.Debug|Any CPU.Build.0 = Debug|Any CPU
		{8958D71E-7C91-9E66-97F5-3056E52F5A0A}.Release|Any CPU.ActiveCfg = Release|Any CPU
		{8958D71E-7C91-9E66-97F5-3056E52F5A0A}.Release|Any CPU.Build.0 = Release|Any CPU
	EndGlobalSection
	GlobalSection(SolutionProperties) = preSolution
		HideSolutionNode = FALSE
	EndGlobalSection
	
EndGlobal
